
Microsoft Visual Studio Solution File, Format Version 12.00
# Visual Studio Version 17
VisualStudioVersion = 17.3.32922.545
MinimumVisualStudioVersion = 10.0.40219.1
Project("{FAE04EC0-301F-11D3-BF4B-00C04F79EFBC}") = "WindowsFormsApp1", "WindowsFormsApp1\WindowsFormsApp1.csproj", "{89EF0DFF-FF7F-4BDD-92D9-BB669BB0A25B}"
EndProject
Global
	GlobalSection(SolutionConfigurationPlatforms) = preSolution
		Debug|Any CPU = Debug|Any CPU
		Release|Any CPU = Release|Any CPU
	EndGlobalSection
	GlobalSection(ProjectConfigurationPlatforms) = postSolution
		{89EF0DFF-FF7F-4BDD-92D9-BB669BB0A25B}.Debug|Any CPU.ActiveCfg = Debug|Any CPU
		{89EF0DFF-FF7F-4BDD-92D9-BB669BB0A25B}.Debug|Any CPU.Build.0 = Debug|Any CPU
		{89EF0DFF-FF7F-4BDD-92D9-BB669BB0A25B}.Release|Any CPU.ActiveCfg = Release|Any CPU
		{89EF0DFF-FF7F-4BDD-92D9-BB669BB0A25B}.Release|Any CPU.Build.0 = Release|Any CPU
	EndGlobalSection
	GlobalSection(SolutionProperties) = preSolution
		HideSolutionNode = FALSE
	EndGlobalSection
	GlobalSection(ExtensibilityGlobals) = postSolution
		SolutionGuid = {0B46224D-D9E2-4847-9EAB-EE2E96186076}
	EndGlobalSection
EndGlobal
